// !$*UTF8*$!
{
	archiveVersion = 1;
	classes = {
	};
	objectVersion = 77;
	objects = {

/* Begin PBXContainerItemProxy section */
		6B98A08B2D9F8A0E002434AB /* PBXContainerItemProxy */ = {
			isa = PBXContainerItemProxy;
			containerPortal = 6B98A0752D9F8A0D002434AB /* Project object */;
			proxyType = 1;
			remoteGlobalIDString = 6B98A07C2D9F8A0D002434AB;
			remoteInfo = PokeRadar;
		};
		6B98A0952D9F8A0E002434AB /* PBXContainerItemProxy */ = {
			isa = PBXContainerItemProxy;
			containerPortal = 6B98A0752D9F8A0D002434AB /* Project object */;
			proxyType = 1;
			remoteGlobalIDString = 6B98A07C2D9F8A0D002434AB;
			remoteInfo = PokeRadar;
		};
/* End PBXContainerItemProxy section */

/* Begin PBXFileReference section */
		6B98A07D2D9F8A0D002434AB /* PokeRadar.app */ = {isa = PBXFileReference; explicitFileType = wrapper.application; includeInIndex = 0; path = PokeRadar.app; sourceTree = BUILT_PRODUCTS_DIR; };
		6B98A08A2D9F8A0E002434AB /* PokeRadarTests.xctest */ = {isa = PBXFileReference; explicitFileType = wrapper.cfbundle; includeInIndex = 0; path = PokeRadarTests.xctest; sourceTree = BUILT_PRODUCTS_DIR; };
		6B98A0942D9F8A0E002434AB /* PokeRadarUITests.xctest */ = {isa = PBXFileReference; explicitFileType = wrapper.cfbundle; includeInIndex = 0; path = PokeRadarUITests.xctest; sourceTree = BUILT_PRODUCTS_DIR; };
/* End PBXFileReference section */

/* Begin PBXFileSystemSynchronizedRootGroup section */
		6B98A07F2D9F8A0D002434AB /* PokeRadar */ = {
			isa = PBXFileSystemSynchronizedRootGroup;
			path = PokeRadar;
			sourceTree = "<group>";
		};
		6B98A08D2D9F8A0E002434AB /* PokeRadarTests */ = {
			isa = PBXFileSystemSynchronizedRootGroup;
			path = PokeRadarTests;
			sourceTree = "<group>";
		};
		6B98A0972D9F8A0E002434AB /* PokeRadarUITests */ = {
			isa = PBXFileSystemSynchronizedRootGroup;
			path = PokeRadarUITests;
			sourceTree = "<group>";
		};
/* End PBXFileSystemSynchronizedRootGroup section */

/* Begin PBXFrameworksBuildPhase section */
		6B98A07A2D9F8A0D002434AB /* Frameworks */ = {
			isa = PBXFrameworksBuildPhase;
			buildActionMask = 2147483647;
			files = (
			);
			runOnlyForDeploymentPostprocessing = 0;
		};
		6B98A0872D9F8A0E002434AB /* Frameworks */ = {
			isa = PBXFrameworksBuildPhase;
			buildActionMask = 2147483647;
			files = (
			);
			runOnlyForDeploymentPostprocessing = 0;
		};
		6B98A0912D9F8A0E002434AB /* Frameworks */ = {
			isa = PBXFrameworksBuildPhase;
			buildActionMask = 2147483647;
			files = (
			);
			runOnlyForDeploymentPostprocessing = 0;
		};
/* End PBXFrameworksBuildPhase section */

/* Begin PBXGroup section */
		6B98A0742D9F8A0D002434AB = {
			isa = PBXGroup;
			children = (
				6B98A07F2D9F8A0D002434AB /* PokeRadar */,
				6B98A08D2D9F8A0E002434AB /* PokeRadarTests */,
				6B98A0972D9F8A0E002434AB /* PokeRadarUITests */,
				6B98A07E2D9F8A0D002434AB /* Products */,
			);
			sourceTree = "<group>";
		};
		6B98A07E2D9F8A0D002434AB /* Products */ = {
			isa = PBXGroup;
			children = (
				6B98A07D2D9F8A0D002434AB /* PokeRadar.app */,
				6B98A08A2D9F8A0E002434AB /* PokeRadarTests.xctest */,
				6B98A0942D9F8A0E002434AB /* PokeRadarUITests.xctest */,
			);
			name = Products;
			sourceTree = "<group>";
		};
/* End PBXGroup section */

/* Begin PBXNativeTarget section */
		6B98A07C2D9F8A0D002434AB /* PokeRadar */ = {
			isa = PBXNativeTarget;
			buildConfigurationList = 6B98A09E2D9F8A0E002434AB /* Build configuration list for PBXNativeTarget "PokeRadar" */;
			buildPhases = (
				6B98A0792D9F8A0D002434AB /* Sources */,
				6B98A07A2D9F8A0D002434AB /* Frameworks */,
				6B98A07B2D9F8A0D002434AB /* Resources */,
			);
			buildRules = (
			);
			dependencies = (
			);
			fileSystemSynchronizedGroups = (
				6B98A07F2D9F8A0D002434AB /* PokeRadar */,
			);
			name = PokeRadar;
			packageProductDependencies = (
			);
			productName = PokeRadar;
			productReference = 6B98A07D2D9F8A0D002434AB /* PokeRadar.app */;
			productType = "com.apple.product-type.application";
		};
		6B98A0892D9F8A0E002434AB /* PokeRadarTests */ = {
			isa = PBXNativeTarget;
			buildConfigurationList = 6B98A0A12D9F8A0E002434AB /* Build configuration list for PBXNativeTarget "PokeRadarTests" */;
			buildPhases = (
				6B98A0862D9F8A0E002434AB /* Sources */,
				6B98A0872D9F8A0E002434AB /* Frameworks */,
				6B98A0882D9F8A0E002434AB /* Resources */,
			);
			buildRules = (
			);
			dependencies = (
				6B98A08C2D9F8A0E002434AB /* PBXTargetDependency */,
			);
			fileSystemSynchronizedGroups = (
				6B98A08D2D9F8A0E002434AB /* PokeRadarTests */,
			);
			name = PokeRadarTests;
			packageProductDependencies = (
			);
			productName = PokeRadarTests;
			productReference = 6B98A08A2D9F8A0E002434AB /* PokeRadarTests.xctest */;
			productType = "com.apple.product-type.bundle.unit-test";
		};
		6B98A0932D9F8A0E002434AB /* PokeRadarUITests */ = {
			isa = PBXNativeTarget;
			buildConfigurationList = 6B98A0A42D9F8A0E002434AB /* Build configuration list for PBXNativeTarget "PokeRadarUITests" */;
			buildPhases = (
				6B98A0902D9F8A0E002434AB /* Sources */,
				6B98A0912D9F8A0E002434AB /* Frameworks */,
				6B98A0922D9F8A0E002434AB /* Resources */,
			);
			buildRules = (
			);
			dependencies = (
				6B98A0962D9F8A0E002434AB /* PBXTargetDependency */,
			);
			fileSystemSynchronizedGroups = (
				6B98A0972D9F8A0E002434AB /* PokeRadarUITests */,
			);
			name = PokeRadarUITests;
			packageProductDependencies = (
			);
			productName = PokeRadarUITests;
			productReference = 6B98A0942D9F8A0E002434AB /* PokeRadarUITests.xctest */;
			productType = "com.apple.product-type.bundle.ui-testing";
		};
/* End PBXNativeTarget section */

/* Begin PBXProject section */
		6B98A0752D9F8A0D002434AB /* Project object */ = {
			isa = PBXProject;
			attributes = {
				BuildIndependentTargetsInParallel = 1;
				LastSwiftUpdateCheck = 1630;
				LastUpgradeCheck = 1630;
				TargetAttributes = {
					6B98A07C2D9F8A0D002434AB = {
						CreatedOnToolsVersion = 16.3;
					};
					6B98A0892D9F8A0E002434AB = {
						CreatedOnToolsVersion = 16.3;
						TestTargetID = 6B98A07C2D9F8A0D002434AB;
					};
					6B98A0932D9F8A0E002434AB = {
						CreatedOnToolsVersion = 16.3;
						TestTargetID = 6B98A07C2D9F8A0D002434AB;
					};
				};
			};
			buildConfigurationList = 6B98A0782D9F8A0D002434AB /* Build configuration list for PBXProject "PokeRadar" */;
			developmentRegion = en;
			hasScannedForEncodings = 0;
			knownRegions = (
				en,
				Base,
			);
			mainGroup = 6B98A0742D9F8A0D002434AB;
			minimizedProjectReferenceProxies = 1;
			preferredProjectObjectVersion = 77;
			productRefGroup = 6B98A07E2D9F8A0D002434AB /* Products */;
			projectDirPath = "";
			projectRoot = "";
			targets = (
				6B98A07C2D9F8A0D002434AB /* PokeRadar */,
				6B98A0892D9F8A0E002434AB /* PokeRadarTests */,
				6B98A0932D9F8A0E002434AB /* PokeRadarUITests */,
			);
		};
/* End PBXProject section */

/* Begin PBXResourcesBuildPhase section */
		6B98A07B2D9F8A0D002434AB /* Resources */ = {
			isa = PBXResourcesBuildPhase;
			buildActionMask = 2147483647;
			files = (
			);
			runOnlyForDeploymentPostprocessing = 0;
		};
		6B98A0882D9F8A0E002434AB /* Resources */ = {
			isa = PBXResourcesBuildPhase;
			buildActionMask = 2147483647;
			files = (
			);
			runOnlyForDeploymentPostprocessing = 0;
		};
		6B98A0922D9F8A0E002434AB /* Resources */ = {
			isa = PBXResourcesBuildPhase;
			buildActionMask = 2147483647;
			files = (
			);
			runOnlyForDeploymentPostprocessing = 0;
		};
/* End PBXResourcesBuildPhase section */

/* Begin PBXSourcesBuildPhase section */
		6B98A0792D9F8A0D002434AB /* Sources */ = {
			isa = PBXSourcesBuildPhase;
			buildActionMask = 2147483647;
			files = (
			);
			runOnlyForDeploymentPostprocessing = 0;
		};
		6B98A0862D9F8A0E002434AB /* Sources */ = {
			isa = PBXSourcesBuildPhase;
			buildActionMask = 2147483647;
			files = (
			);
			runOnlyForDeploymentPostprocessing = 0;
		};
		6B98A0902D9F8A0E002434AB /* Sources */ = {
			isa = PBXSourcesBuildPhase;
			buildActionMask = 2147483647;
			files = (
			);
			runOnlyForDeploymentPostprocessing = 0;
		};
/* End PBXSourcesBuildPhase section */

/* Begin PBXTargetDependency section */
		6B98A08C2D9F8A0E002434AB /* PBXTargetDependency */ = {
			isa = PBXTargetDependency;
			target = 6B98A07C2D9F8A0D002434AB /* PokeRadar */;
			targetProxy = 6B98A08B2D9F8A0E002434AB /* PBXContainerItemProxy */;
		};
		6B98A0962D9F8A0E002434AB /* PBXTargetDependency */ = {
			isa = PBXTargetDependency;
			target = 6B98A07C2D9F8A0D002434AB /* PokeRadar */;
			targetProxy = 6B98A0952D9F8A0E002434AB /* PBXContainerItemProxy */;
		};
/* End PBXTargetDependency section */

/* Begin XCBuildConfiguration section */
		6B98A09C2D9F8A0E002434AB /* Debug */ = {
			isa = XCBuildConfiguration;
			buildSettings = {
				ALWAYS_SEARCH_USER_PATHS = NO;
				ASSETCATALOG_COMPILER_GENERATE_SWIFT_ASSET_SYMBOL_EXTENSIONS = YES;
				CLANG_ANALYZER_NONNULL = YES;
				CLANG_ANALYZER_NUMBER_OBJECT_CONVERSION = YES_AGGRESSIVE;
				CLANG_CXX_LANGUAGE_STANDARD = "gnu++20";
				CLANG_ENABLE_MODULES = YES;
				CLANG_ENABLE_OBJC_ARC = YES;
				CLANG_ENABLE_OBJC_WEAK = YES;
				CLANG_WARN_BLOCK_CAPTURE_AUTORELEASING = YES;
				CLANG_WARN_BOOL_CONVERSION = YES;
				CLANG_WARN_COMMA = YES;
				CLANG_WARN_CONSTANT_CONVERSION = YES;
				CLANG_WARN_DEPRECATED_OBJC_IMPLEMENTATIONS = YES;
				CLANG_WARN_DIRECT_OBJC_ISA_USAGE = YES_ERROR;
				CLANG_WARN_DOCUMENTATION_COMMENTS = YES;
				CLANG_WARN_EMPTY_BODY = YES;
				CLANG_WARN_ENUM_CONVERSION = YES;
				CLANG_WARN_INFINITE_RECURSION = YES;
				CLANG_WARN_INT_CONVERSION = YES;
				CLANG_WARN_NON_LITERAL_NULL_CONVERSION = YES;
				CLANG_WARN_OBJC_IMPLICIT_RETAIN_SELF = YES;
				CLANG_WARN_OBJC_LITERAL_CONVERSION = YES;
				CLANG_WARN_OBJC_ROOT_CLASS = YES_ERROR;
				CLANG_WARN_QUOTED_INCLUDE_IN_FRAMEWORK_HEADER = YES;
				CLANG_WARN_RANGE_LOOP_ANALYSIS = YES;
				CLANG_WARN_STRICT_PROTOTYPES = YES;
				CLANG_WARN_SUSPICIOUS_MOVE = YES;
				CLANG_WARN_UNGUARDED_AVAILABILITY = YES_AGGRESSIVE;
				CLANG_WARN_UNREACHABLE_CODE = YES;
				CLANG_WARN__DUPLICATE_METHOD_MATCH = YES;
				COPY_PHASE_STRIP = NO;
				DEBUG_INFORMATION_FORMAT = dwarf;
				DEVELOPMENT_TEAM = 9SQZ7ZU2N6;
				ENABLE_STRICT_OBJC_MSGSEND = YES;
				ENABLE_TESTABILITY = YES;
				ENABLE_USER_SCRIPT_SANDBOXING = YES;
				GCC_C_LANGUAGE_STANDARD = gnu17;
				GCC_DYNAMIC_NO_PIC = NO;
				GCC_NO_COMMON_BLOCKS = YES;
				GCC_OPTIMIZATION_LEVEL = 0;
				GCC_PREPROCESSOR_DEFINITIONS = (
					"DEBUG=1",
					"$(inherited)",
				);
				GCC_WARN_64_TO_32_BIT_CONVERSION = YES;
				GCC_WARN_ABOUT_RETURN_TYPE = YES_ERROR;
				GCC_WARN_UNDECLARED_SELECTOR = YES;
				GCC_WARN_UNINITIALIZED_AUTOS = YES_AGGRESSIVE;
				GCC_WARN_UNUSED_FUNCTION = YES;
				GCC_WARN_UNUSED_VARIABLE = YES;
				IPHONEOS_DEPLOYMENT_TARGET = 18.4;
				LOCALIZATION_PREFERS_STRING_CATALOGS = YES;
				MTL_ENABLE_DEBUG_INFO = INCLUDE_SOURCE;
				MTL_FAST_MATH = YES;
				ONLY_ACTIVE_ARCH = YES;
				SDKROOT = iphoneos;
				SWIFT_ACTIVE_COMPILATION_CONDITIONS = "DEBUG $(inherited)";
				SWIFT_OPTIMIZATION_LEVEL = "-Onone";
			};
			name = Debug;
		};
		6B98A09D2D9F8A0E002434AB /* Release */ = {
			isa = XCBuildConfiguration;
			buildSettings = {
				ALWAYS_SEARCH_USER_PATHS = NO;
				ASSETCATALOG_COMPILER_GENERATE_SWIFT_ASSET_SYMBOL_EXTENSIONS = YES;
				CLANG_ANALYZER_NONNULL = YES;
				CLANG_ANALYZER_NUMBER_OBJECT_CONVERSION = YES_AGGRESSIVE;
				CLANG_CXX_LANGUAGE_STANDARD = "gnu++20";
				CLANG_ENABLE_MODULES = YES;
				CLANG_ENABLE_OBJC_ARC = YES;
				CLANG_ENABLE_OBJC_WEAK = YES;
				CLANG_WARN_BLOCK_CAPTURE_AUTORELEASING = YES;
				CLANG_WARN_BOOL_CONVERSION = YES;
				CLANG_WARN_COMMA = YES;
				CLANG_WARN_CONSTANT_CONVERSION = YES;
				CLANG_WARN_DEPRECATED_OBJC_IMPLEMENTATIONS = YES;
				CLANG_WARN_DIRECT_OBJC_ISA_USAGE = YES_ERROR;
				CLANG_WARN_DOCUMENTATION_COMMENTS = YES;
				CLANG_WARN_EMPTY_BODY = YES;
				CLANG_WARN_ENUM_CONVERSION = YES;
				CLANG_WARN_INFINITE_RECURSION = YES;
				CLANG_WARN_INT_CONVERSION = YES;
				CLANG_WARN_NON_LITERAL_NULL_CONVERSION = YES;
				CLANG_WARN_OBJC_IMPLICIT_RETAIN_SELF = YES;
				CLANG_WARN_OBJC_LITERAL_CONVERSION = YES;
				CLANG_WARN_OBJC_ROOT_CLASS = YES_ERROR;
				CLANG_WARN_QUOTED_INCLUDE_IN_FRAMEWORK_HEADER = YES;
				CLANG_WARN_RANGE_LOOP_ANALYSIS = YES;
				CLANG_WARN_STRICT_PROTOTYPES = YES;
				CLANG_WARN_SUSPICIOUS_MOVE = YES;
				CLANG_WARN_UNGUARDED_AVAILABILITY = YES_AGGRESSIVE;
				CLANG_WARN_UNREACHABLE_CODE = YES;
				CLANG_WARN__DUPLICATE_METHOD_MATCH = YES;
				COPY_PHASE_STRIP = NO;
				DEBUG_INFORMATION_FORMAT = "dwarf-with-dsym";
				DEVELOPMENT_TEAM = 9SQZ7ZU2N6;
				ENABLE_NS_ASSERTIONS = NO;
				ENABLE_STRICT_OBJC_MSGSEND = YES;
				ENABLE_USER_SCRIPT_SANDBOXING = YES;
				GCC_C_LANGUAGE_STANDARD = gnu17;
				GCC_NO_COMMON_BLOCKS = YES;
				GCC_WARN_64_TO_32_BIT_CONVERSION = YES;
				GCC_WARN_ABOUT_RETURN_TYPE = YES_ERROR;
				GCC_WARN_UNDECLARED_SELECTOR = YES;
				GCC_WARN_UNINITIALIZED_AUTOS = YES_AGGRESSIVE;
				GCC_WARN_UNUSED_FUNCTION = YES;
				GCC_WARN_UNUSED_VARIABLE = YES;
				IPHONEOS_DEPLOYMENT_TARGET = 18.4;
				LOCALIZATION_PREFERS_STRING_CATALOGS = YES;
				MTL_ENABLE_DEBUG_INFO = NO;
				MTL_FAST_MATH = YES;
				SDKROOT = iphoneos;
				SWIFT_COMPILATION_MODE = wholemodule;
				VALIDATE_PRODUCT = YES;
			};
			name = Release;
		};
		6B98A09F2D9F8A0E002434AB /* Debug */ = {
			isa = XCBuildConfiguration;
			buildSettings = {
				ASSETCATALOG_COMPILER_APPICON_NAME = AppIcon;
				ASSETCATALOG_COMPILER_GLOBAL_ACCENT_COLOR_NAME = AccentColor;
				CODE_SIGN_STYLE = Automatic;
				CURRENT_PROJECT_VERSION = 1;
				DEVELOPMENT_TEAM = 9SQZ7ZU2N6;
				ENABLE_PREVIEWS = YES;
				GENERATE_INFOPLIST_FILE = YES;
				INFOPLIST_KEY_UIApplicationSceneManifest_Generation = YES;
				INFOPLIST_KEY_UIApplicationSupportsIndirectInputEvents = YES;
				INFOPLIST_KEY_UILaunchScreen_Generation = YES;
				INFOPLIST_KEY_UISupportedInterfaceOrientations_iPad = "UIInterfaceOrientationPortrait UIInterfaceOrientationPortraitUpsideDown UIInterfaceOrientationLandscapeLeft UIInterfaceOrientationLandscapeRight";
				INFOPLIST_KEY_UISupportedInterfaceOrientations_iPhone = "UIInterfaceOrientationPortrait UIInterfaceOrientationLandscapeLeft UIInterfaceOrientationLandscapeRight";
				LD_RUNPATH_SEARCH_PATHS = (
					"$(inherited)",
					"@executable_path/Frameworks",
				);
				MARKETING_VERSION = 1.0;
				PRODUCT_BUNDLE_IDENTIFIER = com.siliezar.axel.PokeRadar;
				PRODUCT_NAME = "$(TARGET_NAME)";
				SWIFT_EMIT_LOC_STRINGS = YES;
				SWIFT_VERSION = 5.0;
				TARGETED_DEVICE_FAMILY = "1,2";
			};
			name = Debug;
		};
		6B98A0A02D9F8A0E002434AB /* Release */ = {
			isa = XCBuildConfiguration;
			buildSettings = {
				ASSETCATALOG_COMPILER_APPICON_NAME = AppIcon;
				ASSETCATALOG_COMPILER_GLOBAL_ACCENT_COLOR_NAME = AccentColor;
				CODE_SIGN_STYLE = Automatic;
				CURRENT_PROJECT_VERSION = 1;
				DEVELOPMENT_TEAM = 9SQZ7ZU2N6;
				ENABLE_PREVIEWS = YES;
				GENERATE_INFOPLIST_FILE = YES;
				INFOPLIST_KEY_UIApplicationSceneManifest_Generation = YES;
				INFOPLIST_KEY_UIApplicationSupportsIndirectInputEvents = YES;
				INFOPLIST_KEY_UILaunchScreen_Generation = YES;
				INFOPLIST_KEY_UISupportedInterfaceOrientations_iPad = "UIInterfaceOrientationPortrait UIInterfaceOrientationPortraitUpsideDown UIInterfaceOrientationLandscapeLeft UIInterfaceOrientationLandscapeRight";
				INFOPLIST_KEY_UISupportedInterfaceOrientations_iPhone = "UIInterfaceOrientationPortrait UIInterfaceOrientationLandscapeLeft UIInterfaceOrientationLandscapeRight";
				LD_RUNPATH_SEARCH_PATHS = (
					"$(inherited)",
					"@executable_path/Frameworks",
				);
				MARKETING_VERSION = 1.0;
				PRODUCT_BUNDLE_IDENTIFIER = com.siliezar.axel.PokeRadar;
				PRODUCT_NAME = "$(TARGET_NAME)";
				SWIFT_EMIT_LOC_STRINGS = YES;
				SWIFT_VERSION = 5.0;
				TARGETED_DEVICE_FAMILY = "1,2";
			};
			name = Release;
		};
		6B98A0A22D9F8A0E002434AB /* Debug */ = {
			isa = XCBuildConfiguration;
			buildSettings = {
				BUNDLE_LOADER = "$(TEST_HOST)";
				CODE_SIGN_STYLE = Automatic;
				CURRENT_PROJECT_VERSION = 1;
				DEVELOPMENT_TEAM = 9SQZ7ZU2N6;
				GENERATE_INFOPLIST_FILE = YES;
				IPHONEOS_DEPLOYMENT_TARGET = 18.4;
				MARKETING_VERSION = 1.0;
				PRODUCT_BUNDLE_IDENTIFIER = com.siliezar.axel.PokeRadarTests;
				PRODUCT_NAME = "$(TARGET_NAME)";
				SWIFT_EMIT_LOC_STRINGS = NO;
				SWIFT_VERSION = 5.0;
				TARGETED_DEVICE_FAMILY = "1,2";
				TEST_HOST = "$(BUILT_PRODUCTS_DIR)/PokeRadar.app/$(BUNDLE_EXECUTABLE_FOLDER_PATH)/PokeRadar";
			};
			name = Debug;
		};
		6B98A0A32D9F8A0E002434AB /* Release */ = {
			isa = XCBuildConfiguration;
			buildSettings = {
				BUNDLE_LOADER = "$(TEST_HOST)";
				CODE_SIGN_STYLE = Automatic;
				CURRENT_PROJECT_VERSION = 1;
				DEVELOPMENT_TEAM = 9SQZ7ZU2N6;
				GENERATE_INFOPLIST_FILE = YES;
				IPHONEOS_DEPLOYMENT_TARGET = 18.4;
				MARKETING_VERSION = 1.0;
				PRODUCT_BUNDLE_IDENTIFIER = com.siliezar.axel.PokeRadarTests;
				PRODUCT_NAME = "$(TARGET_NAME)";
				SWIFT_EMIT_LOC_STRINGS = NO;
				SWIFT_VERSION = 5.0;
				TARGETED_DEVICE_FAMILY = "1,2";
				TEST_HOST = "$(BUILT_PRODUCTS_DIR)/PokeRadar.app/$(BUNDLE_EXECUTABLE_FOLDER_PATH)/PokeRadar";
			};
			name = Release;
		};
		6B98A0A52D9F8A0E002434AB /* Debug */ = {
			isa = XCBuildConfiguration;
			buildSettings = {
				CODE_SIGN_STYLE = Automatic;
				CURRENT_PROJECT_VERSION = 1;
				DEVELOPMENT_TEAM = 9SQZ7ZU2N6;
				GENERATE_INFOPLIST_FILE = YES;
				MARKETING_VERSION = 1.0;
				PRODUCT_BUNDLE_IDENTIFIER = com.siliezar.axel.PokeRadarUITests;
				PRODUCT_NAME = "$(TARGET_NAME)";
				SWIFT_EMIT_LOC_STRINGS = NO;
				SWIFT_VERSION = 5.0;
				TARGETED_DEVICE_FAMILY = "1,2";
				TEST_TARGET_NAME = PokeRadar;
			};
			name = Debug;
		};
		6B98A0A62D9F8A0E002434AB /* Release */ = {
			isa = XCBuildConfiguration;
			buildSettings = {
				CODE_SIGN_STYLE = Automatic;
				CURRENT_PROJECT_VERSION = 1;
				DEVELOPMENT_TEAM = 9SQZ7ZU2N6;
				GENERATE_INFOPLIST_FILE = YES;
				MARKETING_VERSION = 1.0;
				PRODUCT_BUNDLE_IDENTIFIER = com.siliezar.axel.PokeRadarUITests;
				PRODUCT_NAME = "$(TARGET_NAME)";
				SWIFT_EMIT_LOC_STRINGS = NO;
				SWIFT_VERSION = 5.0;
				TARGETED_DEVICE_FAMILY = "1,2";
				TEST_TARGET_NAME = PokeRadar;
			};
			name = Release;
		};
/* End XCBuildConfiguration section */

/* Begin XCConfigurationList section */
		6B98A0782D9F8A0D002434AB /* Build configuration list for PBXProject "PokeRadar" */ = {
			isa = XCConfigurationList;
			buildConfigurations = (
				6B98A09C2D9F8A0E002434AB /* Debug */,
				6B98A09D2D9F8A0E002434AB /* Release */,
			);
			defaultConfigurationIsVisible = 0;
			defaultConfigurationName = Release;
		};
		6B98A09E2D9F8A0E002434AB /* Build configuration list for PBXNativeTarget "PokeRadar" */ = {
			isa = XCConfigurationList;
			buildConfigurations = (
				6B98A09F2D9F8A0E002434AB /* Debug */,
				6B98A0A02D9F8A0E002434AB /* Release */,
			);
			defaultConfigurationIsVisible = 0;
			defaultConfigurationName = Release;
		};
		6B98A0A12D9F8A0E002434AB /* Build configuration list for PBXNativeTarget "PokeRadarTests" */ = {
			isa = XCConfigurationList;
			buildConfigurations = (
				6B98A0A22D9F8A0E002434AB /* Debug */,
				6B98A0A32D9F8A0E002434AB /* Release */,
			);
			defaultConfigurationIsVisible = 0;
			defaultConfigurationName = Release;
		};
		6B98A0A42D9F8A0E002434AB /* Build configuration list for PBXNativeTarget "PokeRadarUITests" */ = {
			isa = XCConfigurationList;
			buildConfigurations = (
				6B98A0A52D9F8A0E002434AB /* Debug */,
				6B98A0A62D9F8A0E002434AB /* Release */,
			);
			defaultConfigurationIsVisible = 0;
			defaultConfigurationName = Release;
		};
/* End XCConfigurationList section */
	};
	rootObject = 6B98A0752D9F8A0D002434AB /* Project object */;
}
